<Solution>
  <Project Path="FinanceManaager.Data/FinanceManager.Data.csproj" />
  <Project Path="FinanceManager.Application/FinanceManager.Application.csproj" Id="e46d846a-35e7-4430-8a27-da7416287125" />
  <Project Path="FinanceManager.ConsoleApp/FinanceManager.ConsoleApp.csproj" />
  <Project Path="FinanceManager.Core/FinanceManager.Core.csproj" />
  <Project Path="FinanceManager.Tests/FinanceManager.Tests.csproj" Id="9e714097-da8d-484f-9ca1-0c49c721f259" />
</Solution>
